
Microsoft Visual Studio Solution File, Format Version 12.00
# Visual Studio Version 16
VisualStudioVersion = 16.0.31911.196
MinimumVisualStudioVersion = 10.0.40219.1
Project("{FAE04EC0-301F-11D3-BF4B-00C04F79EFBC}") = "CargoManagementSystem", "CargoManagementSystem\CargoManagementSystem.csproj", "{FEE965B1-716C-4114-8BDB-DC4B716CB6EE}"
EndProject
Project("{FAE04EC0-301F-11D3-BF4B-00C04F79EFBC}") = "CargoBussiness", "CargoManagementSystem\CargoBussiness\CargoBussiness.csproj", "{E1ECCAE1-5D72-49CD-93DF-A47435625847}"
EndProject
Project("{FAE04EC0-301F-11D3-BF4B-00C04F79EFBC}") = "CargoData", "CargoData\CargoData.csproj", "{20925083-3350-4A5F-B38B-34A2396558A4}"
EndProject
Project("{FAE04EC0-301F-11D3-BF4B-00C04F79EFBC}") = "CargoEntity", "CargoEntity\CargoEntity.csproj", "{256E020C-59C5-4494-9681-3509C020C270}"
EndProject
Global
	GlobalSection(SolutionConfigurationPlatforms) = preSolution
		Debug|Any CPU = Debug|Any CPU
		Release|Any CPU = Release|Any CPU
	EndGlobalSection
	GlobalSection(ProjectConfigurationPlatforms) = postSolution
		{FEE965B1-716C-4114-8BDB-DC4B716CB6EE}.Debug|Any CPU.ActiveCfg = Debug|Any CPU
		{FEE965B1-716C-4114-8BDB-DC4B716CB6EE}.Debug|Any CPU.Build.0 = Debug|Any CPU
		{FEE965B1-716C-4114-8BDB-DC4B716CB6EE}.Release|Any CPU.ActiveCfg = Release|Any CPU
		{FEE965B1-716C-4114-8BDB-DC4B716CB6EE}.Release|Any CPU.Build.0 = Release|Any CPU
		{E1ECCAE1-5D72-49CD-93DF-A47435625847}.Debug|Any CPU.ActiveCfg = Debug|Any CPU
		{E1ECCAE1-5D72-49CD-93DF-A47435625847}.Debug|Any CPU.Build.0 = Debug|Any CPU
		{E1ECCAE1-5D72-49CD-93DF-A47435625847}.Release|Any CPU.ActiveCfg = Release|Any CPU
		{E1ECCAE1-5D72-49CD-93DF-A47435625847}.Release|Any CPU.Build.0 = Release|Any CPU
		{20925083-3350-4A5F-B38B-34A2396558A4}.Debug|Any CPU.ActiveCfg = Debug|Any CPU
		{20925083-3350-4A5F-B38B-34A2396558A4}.Debug|Any CPU.Build.0 = Debug|Any CPU
		{20925083-3350-4A5F-B38B-34A2396558A4}.Release|Any CPU.ActiveCfg = Release|Any CPU
		{20925083-3350-4A5F-B38B-34A2396558A4}.Release|Any CPU.Build.0 = Release|Any CPU
		{256E020C-59C5-4494-9681-3509C020C270}.Debug|Any CPU.ActiveCfg = Debug|Any CPU
		{256E020C-59C5-4494-9681-3509C020C270}.Debug|Any CPU.Build.0 = Debug|Any CPU
		{256E020C-59C5-4494-9681-3509C020C270}.Release|Any CPU.ActiveCfg = Release|Any CPU
		{256E020C-59C5-4494-9681-3509C020C270}.Release|Any CPU.Build.0 = Release|Any CPU
	EndGlobalSection
	GlobalSection(SolutionProperties) = preSolution
		HideSolutionNode = FALSE
	EndGlobalSection
	GlobalSection(ExtensibilityGlobals) = postSolution
		SolutionGuid = {B246F9C9-F242-4E47-BF38-6DAB210EE40E}
	EndGlobalSection
EndGlobal
